
Microsoft Visual Studio Solution File, Format Version 12.00
# Visual Studio Version 17
VisualStudioVersion = 17.11.35222.181
MinimumVisualStudioVersion = 10.0.40219.1
Project("{FAE04EC0-301F-11D3-BF4B-00C04F79EFBC}") = "WebApp", "..\WebApp\WebApp.csproj", "{9B522B03-99CF-48D6-A3C5-814D776D00FF}"
EndProject
Global
	GlobalSection(SolutionConfigurationPlatforms) = preSolution
		Debug|Any CPU = Debug|Any CPU
		Release|Any CPU = Release|Any CPU
	EndGlobalSection
	GlobalSection(ProjectConfigurationPlatforms) = postSolution
		{9B522B03-99CF-48D6-A3C5-814D776D00FF}.Debug|Any CPU.ActiveCfg = Debug|Any CPU
		{9B522B03-99CF-48D6-A3C5-814D776D00FF}.Debug|Any CPU.Build.0 = Debug|Any CPU
		{9B522B03-99CF-48D6-A3C5-814D776D00FF}.Release|Any CPU.ActiveCfg = Release|Any CPU
		{9B522B03-99CF-48D6-A3C5-814D776D00FF}.Release|Any CPU.Build.0 = Release|Any CPU
	EndGlobalSection
	GlobalSection(SolutionProperties) = preSolution
		HideSolutionNode = FALSE
	EndGlobalSection
	GlobalSection(ExtensibilityGlobals) = postSolution
		SolutionGuid = {92C2B531-28FC-4DE9-AE89-D8AA9718F62E}
	EndGlobalSection
EndGlobal
