
Microsoft Visual Studio Solution File, Format Version 12.00
# Visual Studio Version 17
VisualStudioVersion = 17.11.35222.181
MinimumVisualStudioVersion = 10.0.40219.1
Project("{FAE04EC0-301F-11D3-BF4B-00C04F79EFBC}") = "RestProject", "RestProject.csproj", "{CD056C8D-6C8B-4850-BC33-AECBE9CA642D}"
EndProject
Global
	GlobalSection(SolutionConfigurationPlatforms) = preSolution
		Debug|Any CPU = Debug|Any CPU
		Release|Any CPU = Release|Any CPU
	EndGlobalSection
	GlobalSection(ProjectConfigurationPlatforms) = postSolution
		{CD056C8D-6C8B-4850-BC33-AECBE9CA642D}.Debug|Any CPU.ActiveCfg = Debug|Any CPU
		{CD056C8D-6C8B-4850-BC33-AECBE9CA642D}.Debug|Any CPU.Build.0 = Debug|Any CPU
		{CD056C8D-6C8B-4850-BC33-AECBE9CA642D}.Release|Any CPU.ActiveCfg = Release|Any CPU
		{CD056C8D-6C8B-4850-BC33-AECBE9CA642D}.Release|Any CPU.Build.0 = Release|Any CPU
	EndGlobalSection
	GlobalSection(SolutionProperties) = preSolution
		HideSolutionNode = FALSE
	EndGlobalSection
	GlobalSection(ExtensibilityGlobals) = postSolution
		SolutionGuid = {890B502F-082A-42AB-BC5A-1FFFD33E233B}
	EndGlobalSection
EndGlobal
